
Microsoft Visual Studio Solution File, Format Version 12.00
# Visual Studio 15
VisualStudioVersion = 15.0.28307.757
MinimumVisualStudioVersion = 10.0.40219.1
Project("{FAE04EC0-301F-11D3-BF4B-00C04F79EFBC}") = "MNServer", "MNServer\MNServer.csproj", "{5AD0D727-8062-4F87-AC52-2060D71004D8}"
EndProject
Global
	GlobalSection(SolutionConfigurationPlatforms) = preSolution
		Debug|Any CPU = Debug|Any CPU
		Release|Any CPU = Release|Any CPU
	EndGlobalSection
	GlobalSection(ProjectConfigurationPlatforms) = postSolution
		{5AD0D727-8062-4F87-AC52-2060D71004D8}.Debug|Any CPU.ActiveCfg = Debug|Any CPU
		{5AD0D727-8062-4F87-AC52-2060D71004D8}.Debug|Any CPU.Build.0 = Debug|Any CPU
		{5AD0D727-8062-4F87-AC52-2060D71004D8}.Release|Any CPU.ActiveCfg = Release|Any CPU
		{5AD0D727-8062-4F87-AC52-2060D71004D8}.Release|Any CPU.Build.0 = Release|Any CPU
	EndGlobalSection
	GlobalSection(SolutionProperties) = preSolution
		HideSolutionNode = FALSE
	EndGlobalSection
	GlobalSection(ExtensibilityGlobals) = postSolution
		SolutionGuid = {544D63FD-139C-4235-A33B-8B6AE7AFE965}
	EndGlobalSection
EndGlobal
